# THIS IS AN AUTOGENERATED FILE. DO NOT EDIT THIS FILE DIRECTLY.
# yarn lockfile v1


"@types/graphql@0.12.6":
  version "0.12.6"
  resolved "https://registry.npmjs.intuit.net/@/@types/graphql/_attachments/graphql-0.12.6.tgz#3d619198585fcabe5f4e1adfb5cf5f3388c66c13"

apollo-link@^1.2.2:
  version "1.2.2"
  resolved "https://registry.npmjs.intuit.net/a/apollo-link/_attachments/apollo-link-1.2.2.tgz#54c84199b18ac1af8d63553a68ca389c05217a03"
  dependencies:
    "@types/graphql" "0.12.6"
    apollo-utilities "^1.0.0"
    zen-observable-ts "^0.8.9"

apollo-utilities@^1.0.0:
  version "1.0.15"
  resolved "https://registry.npmjs.intuit.net/a/apollo-utilities/_attachments/apollo-utilities-1.0.15.tgz#8f1ba6e4ed9b92cb0de2ce7c032315a768860aae"
  dependencies:
    fast-json-stable-stringify "^2.0.0"

fast-json-stable-stringify@^2.0.0:
  version "2.0.0"
  resolved "https://registry.npmjs.intuit.net/f/fast-json-stable-stringify/_attachments/fast-json-stable-stringify-2.0.0.tgz#d5142c0caee6b1189f87d3a76111064f86c8bbf2"

zen-observable-ts@^0.8.9:
  version "0.8.9"
  resolved "https://registry.npmjs.intuit.net/z/zen-observable-ts/_attachments/zen-observable-ts-0.8.9.tgz#d3c97af08c0afdca37ebcadf7cc3ee96bda9bab1"
  dependencies:
    zen-observable "^0.8.0"

zen-observable@^0.8.0:
  version "0.8.8"
  resolved "https://registry.npmjs.intuit.net/z/zen-observable/_attachments/zen-observable-0.8.8.tgz#1ea93995bf098754a58215a1e0a7309e5749ec42"
